Microsoft Visual Studio Solution File, Format Version 11.00
# Visual Studio 2008

Project("{DE0CDDEC-5581-E91A-D2AF-1FDA1F2AC642}") = "CSCI 4168", "Assembly-CSharp-firstpass-vs.csproj", "{90A6A539-5977-AA03-2666-BAE1910E5F9A}"
EndProject
Project("{DE0CDDEC-5581-E91A-D2AF-1FDA1F2AC642}") = "CSCI 4168", "Assembly-CSharp-vs.csproj", "{63D0BAA1-635F-80D1-C86A-12A929FC0E66}"
EndProject
Global
	GlobalSection(SolutionConfigurationPlatforms) = preSolution
		Debug|Any CPU = Debug|Any CPU
		Release|Any CPU = Release|Any CPU
	EndGlobalSection
	GlobalSection(ProjectConfigurationPlatforms) = postSolution
		{90A6A539-5977-AA03-2666-BAE1910E5F9A}.Debug|Any CPU.ActiveCfg = Debug|Any CPU
		{90A6A539-5977-AA03-2666-BAE1910E5F9A}.Debug|Any CPU.Build.0 = Debug|Any CPU
		{90A6A539-5977-AA03-2666-BAE1910E5F9A}.Release|Any CPU.ActiveCfg = Release|Any CPU
		{90A6A539-5977-AA03-2666-BAE1910E5F9A}.Release|Any CPU.Build.0 = Release|Any CPU
		{63D0BAA1-635F-80D1-C86A-12A929FC0E66}.Debug|Any CPU.ActiveCfg = Debug|Any CPU
		{63D0BAA1-635F-80D1-C86A-12A929FC0E66}.Debug|Any CPU.Build.0 = Debug|Any CPU
		{63D0BAA1-635F-80D1-C86A-12A929FC0E66}.Release|Any CPU.ActiveCfg = Release|Any CPU
		{63D0BAA1-635F-80D1-C86A-12A929FC0E66}.Release|Any CPU.Build.0 = Release|Any CPU
	EndGlobalSection
	GlobalSection(SolutionProperties) = preSolution
		HideSolutionNode = FALSE
	EndGlobalSection
																																																GlobalSection(MonoDevelopProperties) = preSolution
		StartupItem = Assembly-CSharp.csproj
		Policies = $0
		$0.TextStylePolicy = $1
		$1.inheritsSet = null
		$1.scope = text/x-csharp
		$0.CSharpFormattingPolicy = $2
		$2.inheritsSet = Mono
		$2.inheritsScope = text/x-csharp
		$2.scope = text/x-csharp
		$0.TextStylePolicy = $3
		$3.FileWidth = 120
		$3.TabWidth = 4
		$3.EolMarker = Unix
		$3.inheritsSet = Mono
		$3.inheritsScope = text/plain
		$3.scope = text/plain
	EndGlobalSection

EndGlobal
